
Microsoft Visual Studio Solution File, Format Version 12.00
# Visual Studio 15
VisualStudioVersion = 15.0.26403.7
MinimumVisualStudioVersion = 10.0.40219.1
Project("{FAE04EC0-301F-11D3-BF4B-00C04F79EFBC}") = "WebApplication", "WebApplication\WebApplication.csproj", "{073F9C16-CA2A-4074-8655-B1244A493764}"
EndProject
Project("{FAE04EC0-301F-11D3-BF4B-00C04F79EFBC}") = "WebApplication.Tests", "WebApplication.Tests\WebApplication.Tests.csproj", "{06CA0E52-E495-4A58-BD9B-377BB82C85BE}"
EndProject
Global
	GlobalSection(SolutionConfigurationPlatforms) = preSolution
		Debug|Any CPU = Debug|Any CPU
		Release|Any CPU = Release|Any CPU
	EndGlobalSection
	GlobalSection(ProjectConfigurationPlatforms) = postSolution
		{073F9C16-CA2A-4074-8655-B1244A493764}.Debug|Any CPU.ActiveCfg = Debug|Any CPU
		{073F9C16-CA2A-4074-8655-B1244A493764}.Debug|Any CPU.Build.0 = Debug|Any CPU
		{073F9C16-CA2A-4074-8655-B1244A493764}.Release|Any CPU.ActiveCfg = Release|Any CPU
		{073F9C16-CA2A-4074-8655-B1244A493764}.Release|Any CPU.Build.0 = Release|Any CPU
		{06CA0E52-E495-4A58-BD9B-377BB82C85BE}.Debug|Any CPU.ActiveCfg = Debug|Any CPU
		{06CA0E52-E495-4A58-BD9B-377BB82C85BE}.Debug|Any CPU.Build.0 = Debug|Any CPU
		{06CA0E52-E495-4A58-BD9B-377BB82C85BE}.Release|Any CPU.ActiveCfg = Release|Any CPU
		{06CA0E52-E495-4A58-BD9B-377BB82C85BE}.Release|Any CPU.Build.0 = Release|Any CPU
	EndGlobalSection
	GlobalSection(SolutionProperties) = preSolution
		HideSolutionNode = FALSE
	EndGlobalSection
EndGlobal
